
Microsoft Visual Studio Solution File, Format Version 12.00
# Visual Studio 14
VisualStudioVersion = 14.0.25420.1
MinimumVisualStudioVersion = 10.0.40219.1
Project("{2150E333-8FDC-42A3-9474-1A3956D46DE8}") = "src", "src", "{D3485CA8-F002-46DF-A73A-8A14A20EAAD6}"
EndProject
Project("{2150E333-8FDC-42A3-9474-1A3956D46DE8}") = "Solution Items", "Solution Items", "{5A01AD87-1643-44BC-9A48-B07FFB474FAB}"
	ProjectSection(SolutionItems) = preProject
		global.json = global.json
	EndProjectSection
EndProject
Project("{8BB2217D-0F2D-49D1-97BC-3654ED321F3B}") = "Site", "src\Site\Site.xproj", "{C50BABBA-5D19-487A-BEA1-5C5249E9B04D}"
EndProject
Project("{2150E333-8FDC-42A3-9474-1A3956D46DE8}") = "Core", "Core", "{797AEE59-81BA-44C4-97C2-24FF77504DE9}"
EndProject
Project("{8BB2217D-0F2D-49D1-97BC-3654ED321F3B}") = "Awe.Core", "src\Core\Awe.Core\Awe.Core.xproj", "{82FC0B85-178C-4872-8DFB-0CE380035BAC}"
EndProject
Project("{8BB2217D-0F2D-49D1-97BC-3654ED321F3B}") = "Awe.Module.Core", "src\Core\Awe.Module.Core\Awe.Module.Core.xproj", "{8B54DF6E-6A9D-407B-8A6C-BBB025FCEBF0}"
EndProject
Project("{8BB2217D-0F2D-49D1-97BC-3654ED321F3B}") = "Awe.Mvc.Core", "src\Core\Awe.Mvc.Core\Awe.Mvc.Core.xproj", "{BF0E42B6-ABDA-45D5-9E47-976E62A09D9B}"
EndProject
Project("{8BB2217D-0F2D-49D1-97BC-3654ED321F3B}") = "Awe.Theme.Core", "src\Core\Awe.Theme.Core\Awe.Theme.Core.xproj", "{7B3CD2B5-A8B0-4B54-BE57-FF7589D194E1}"
EndProject
Project("{2150E333-8FDC-42A3-9474-1A3956D46DE8}") = "Modules", "Modules", "{098BC5BD-1CF1-43F4-A0DC-836ABDBD42BD}"
EndProject
Project("{8BB2217D-0F2D-49D1-97BC-3654ED321F3B}") = "Awe.Person.Module", "src\Modules\Awe.Person.Module\Awe.Person.Module.xproj", "{D22CBD86-158F-4335-881A-20FF9E8BB4E4}"
EndProject
Project("{2150E333-8FDC-42A3-9474-1A3956D46DE8}") = "Components", "Components", "{C6C496E4-4653-4520-9926-19851782F831}"
EndProject
Project("{2150E333-8FDC-42A3-9474-1A3956D46DE8}") = "Menu", "Menu", "{AE67158D-4D0E-4950-83D7-31754004F1C3}"
EndProject
Project("{2150E333-8FDC-42A3-9474-1A3956D46DE8}") = "Themes", "Themes", "{DB94F9BA-3662-49EA-B23B-D29281EA2751}"
EndProject
Project("{8BB2217D-0F2D-49D1-97BC-3654ED321F3B}") = "Awe.Remark.Theme", "src\Themes\Awe.Remark.Theme\Awe.Remark.Theme.xproj", "{D9A49C1A-D75F-4019-8FF6-030A1F4A8B26}"
EndProject
Project("{2150E333-8FDC-42A3-9474-1A3956D46DE8}") = "TODO", "TODO", "{D2D5236A-454A-4F45-93F3-49FDD99DB686}"
EndProject
Project("{8BB2217D-0F2D-49D1-97BC-3654ED321F3B}") = "Awe.Todo.Component", "src\Components\TODO\Awe.Todo.Component\Awe.Todo.Component.xproj", "{5AEAE523-895A-448F-9BC6-C620BABD1ACB}"
EndProject
Project("{8BB2217D-0F2D-49D1-97BC-3654ED321F3B}") = "Api", "src\Api\Api.xproj", "{AD7982F2-3C53-4451-B8FB-551D08D16346}"
EndProject
Project("{2150E333-8FDC-42A3-9474-1A3956D46DE8}") = "Services", "Services", "{87B88AD4-CDAD-4204-A0E1-FCDC8E3AC89C}"
EndProject
Project("{8BB2217D-0F2D-49D1-97BC-3654ED321F3B}") = "Awe.Menu.Model", "src\Services\Menu\Awe.Menu.Model\Awe.Menu.Model.xproj", "{4B7BE683-C9E9-4C4F-89A4-B41A71DB86B1}"
EndProject
Project("{8BB2217D-0F2D-49D1-97BC-3654ED321F3B}") = "Awe.Menu.Service", "src\Services\Menu\Awe.Menu.Service\Awe.Menu.Service.xproj", "{325B1E61-E732-4407-BC41-0DBDC6ED779F}"
EndProject
Global
	GlobalSection(SolutionConfigurationPlatforms) = preSolution
		Debug|Any CPU = Debug|Any CPU
		Release|Any CPU = Release|Any CPU
	EndGlobalSection
	GlobalSection(ProjectConfigurationPlatforms) = postSolution
		{C50BABBA-5D19-487A-BEA1-5C5249E9B04D}.Debug|Any CPU.ActiveCfg = Debug|Any CPU
		{C50BABBA-5D19-487A-BEA1-5C5249E9B04D}.Debug|Any CPU.Build.0 = Debug|Any CPU
		{C50BABBA-5D19-487A-BEA1-5C5249E9B04D}.Release|Any CPU.ActiveCfg = Release|Any CPU
		{C50BABBA-5D19-487A-BEA1-5C5249E9B04D}.Release|Any CPU.Build.0 = Release|Any CPU
		{82FC0B85-178C-4872-8DFB-0CE380035BAC}.Debug|Any CPU.ActiveCfg = Debug|Any CPU
		{82FC0B85-178C-4872-8DFB-0CE380035BAC}.Debug|Any CPU.Build.0 = Debug|Any CPU
		{82FC0B85-178C-4872-8DFB-0CE380035BAC}.Release|Any CPU.ActiveCfg = Release|Any CPU
		{82FC0B85-178C-4872-8DFB-0CE380035BAC}.Release|Any CPU.Build.0 = Release|Any CPU
		{8B54DF6E-6A9D-407B-8A6C-BBB025FCEBF0}.Debug|Any CPU.ActiveCfg = Debug|Any CPU
		{8B54DF6E-6A9D-407B-8A6C-BBB025FCEBF0}.Debug|Any CPU.Build.0 = Debug|Any CPU
		{8B54DF6E-6A9D-407B-8A6C-BBB025FCEBF0}.Release|Any CPU.ActiveCfg = Release|Any CPU
		{8B54DF6E-6A9D-407B-8A6C-BBB025FCEBF0}.Release|Any CPU.Build.0 = Release|Any CPU
		{BF0E42B6-ABDA-45D5-9E47-976E62A09D9B}.Debug|Any CPU.ActiveCfg = Debug|Any CPU
		{BF0E42B6-ABDA-45D5-9E47-976E62A09D9B}.Debug|Any CPU.Build.0 = Debug|Any CPU
		{BF0E42B6-ABDA-45D5-9E47-976E62A09D9B}.Release|Any CPU.ActiveCfg = Release|Any CPU
		{BF0E42B6-ABDA-45D5-9E47-976E62A09D9B}.Release|Any CPU.Build.0 = Release|Any CPU
		{7B3CD2B5-A8B0-4B54-BE57-FF7589D194E1}.Debug|Any CPU.ActiveCfg = Debug|Any CPU
		{7B3CD2B5-A8B0-4B54-BE57-FF7589D194E1}.Debug|Any CPU.Build.0 = Debug|Any CPU
		{7B3CD2B5-A8B0-4B54-BE57-FF7589D194E1}.Release|Any CPU.ActiveCfg = Release|Any CPU
		{7B3CD2B5-A8B0-4B54-BE57-FF7589D194E1}.Release|Any CPU.Build.0 = Release|Any CPU
		{D22CBD86-158F-4335-881A-20FF9E8BB4E4}.Debug|Any CPU.ActiveCfg = Debug|Any CPU
		{D22CBD86-158F-4335-881A-20FF9E8BB4E4}.Debug|Any CPU.Build.0 = Debug|Any CPU
		{D22CBD86-158F-4335-881A-20FF9E8BB4E4}.Release|Any CPU.ActiveCfg = Release|Any CPU
		{D22CBD86-158F-4335-881A-20FF9E8BB4E4}.Release|Any CPU.Build.0 = Release|Any CPU
		{D9A49C1A-D75F-4019-8FF6-030A1F4A8B26}.Debug|Any CPU.ActiveCfg = Debug|Any CPU
		{D9A49C1A-D75F-4019-8FF6-030A1F4A8B26}.Debug|Any CPU.Build.0 = Debug|Any CPU
		{D9A49C1A-D75F-4019-8FF6-030A1F4A8B26}.Release|Any CPU.ActiveCfg = Release|Any CPU
		{D9A49C1A-D75F-4019-8FF6-030A1F4A8B26}.Release|Any CPU.Build.0 = Release|Any CPU
		{5AEAE523-895A-448F-9BC6-C620BABD1ACB}.Debug|Any CPU.ActiveCfg = Debug|Any CPU
		{5AEAE523-895A-448F-9BC6-C620BABD1ACB}.Debug|Any CPU.Build.0 = Debug|Any CPU
		{5AEAE523-895A-448F-9BC6-C620BABD1ACB}.Release|Any CPU.ActiveCfg = Release|Any CPU
		{5AEAE523-895A-448F-9BC6-C620BABD1ACB}.Release|Any CPU.Build.0 = Release|Any CPU
		{AD7982F2-3C53-4451-B8FB-551D08D16346}.Debug|Any CPU.ActiveCfg = Debug|Any CPU
		{AD7982F2-3C53-4451-B8FB-551D08D16346}.Debug|Any CPU.Build.0 = Debug|Any CPU
		{AD7982F2-3C53-4451-B8FB-551D08D16346}.Release|Any CPU.ActiveCfg = Release|Any CPU
		{AD7982F2-3C53-4451-B8FB-551D08D16346}.Release|Any CPU.Build.0 = Release|Any CPU
		{4B7BE683-C9E9-4C4F-89A4-B41A71DB86B1}.Debug|Any CPU.ActiveCfg = Debug|Any CPU
		{4B7BE683-C9E9-4C4F-89A4-B41A71DB86B1}.Debug|Any CPU.Build.0 = Debug|Any CPU
		{4B7BE683-C9E9-4C4F-89A4-B41A71DB86B1}.Release|Any CPU.ActiveCfg = Release|Any CPU
		{4B7BE683-C9E9-4C4F-89A4-B41A71DB86B1}.Release|Any CPU.Build.0 = Release|Any CPU
		{325B1E61-E732-4407-BC41-0DBDC6ED779F}.Debug|Any CPU.ActiveCfg = Debug|Any CPU
		{325B1E61-E732-4407-BC41-0DBDC6ED779F}.Debug|Any CPU.Build.0 = Debug|Any CPU
		{325B1E61-E732-4407-BC41-0DBDC6ED779F}.Release|Any CPU.ActiveCfg = Release|Any CPU
		{325B1E61-E732-4407-BC41-0DBDC6ED779F}.Release|Any CPU.Build.0 = Release|Any CPU
	EndGlobalSection
	GlobalSection(SolutionProperties) = preSolution
		HideSolutionNode = FALSE
	EndGlobalSection
	GlobalSection(NestedProjects) = preSolution
		{C50BABBA-5D19-487A-BEA1-5C5249E9B04D} = {D3485CA8-F002-46DF-A73A-8A14A20EAAD6}
		{797AEE59-81BA-44C4-97C2-24FF77504DE9} = {D3485CA8-F002-46DF-A73A-8A14A20EAAD6}
		{82FC0B85-178C-4872-8DFB-0CE380035BAC} = {797AEE59-81BA-44C4-97C2-24FF77504DE9}
		{8B54DF6E-6A9D-407B-8A6C-BBB025FCEBF0} = {797AEE59-81BA-44C4-97C2-24FF77504DE9}
		{BF0E42B6-ABDA-45D5-9E47-976E62A09D9B} = {797AEE59-81BA-44C4-97C2-24FF77504DE9}
		{7B3CD2B5-A8B0-4B54-BE57-FF7589D194E1} = {797AEE59-81BA-44C4-97C2-24FF77504DE9}
		{098BC5BD-1CF1-43F4-A0DC-836ABDBD42BD} = {D3485CA8-F002-46DF-A73A-8A14A20EAAD6}
		{D22CBD86-158F-4335-881A-20FF9E8BB4E4} = {098BC5BD-1CF1-43F4-A0DC-836ABDBD42BD}
		{C6C496E4-4653-4520-9926-19851782F831} = {D3485CA8-F002-46DF-A73A-8A14A20EAAD6}
		{AE67158D-4D0E-4950-83D7-31754004F1C3} = {87B88AD4-CDAD-4204-A0E1-FCDC8E3AC89C}
		{DB94F9BA-3662-49EA-B23B-D29281EA2751} = {D3485CA8-F002-46DF-A73A-8A14A20EAAD6}
		{D9A49C1A-D75F-4019-8FF6-030A1F4A8B26} = {DB94F9BA-3662-49EA-B23B-D29281EA2751}
		{D2D5236A-454A-4F45-93F3-49FDD99DB686} = {C6C496E4-4653-4520-9926-19851782F831}
		{5AEAE523-895A-448F-9BC6-C620BABD1ACB} = {D2D5236A-454A-4F45-93F3-49FDD99DB686}
		{AD7982F2-3C53-4451-B8FB-551D08D16346} = {D3485CA8-F002-46DF-A73A-8A14A20EAAD6}
		{87B88AD4-CDAD-4204-A0E1-FCDC8E3AC89C} = {D3485CA8-F002-46DF-A73A-8A14A20EAAD6}
		{4B7BE683-C9E9-4C4F-89A4-B41A71DB86B1} = {AE67158D-4D0E-4950-83D7-31754004F1C3}
		{325B1E61-E732-4407-BC41-0DBDC6ED779F} = {AE67158D-4D0E-4950-83D7-31754004F1C3}
	EndGlobalSection
EndGlobal
