
Microsoft Visual Studio Solution File, Format Version 12.00
# Visual Studio 14
VisualStudioVersion = 14.0.25420.1
MinimumVisualStudioVersion = 10.0.40219.1
Project("{2150E333-8FDC-42A3-9474-1A3956D46DE8}") = "src", "src", "{B95244DC-488E-463D-83B5-6964AA3D9ACA}"
EndProject
Project("{2150E333-8FDC-42A3-9474-1A3956D46DE8}") = "Solution Items", "Solution Items", "{A5816C15-B931-44FB-B0E8-53116EBB5C67}"
	ProjectSection(SolutionItems) = preProject
		global.json = global.json
	EndProjectSection
EndProject
Project("{8BB2217D-0F2D-49D1-97BC-3654ED321F3B}") = "Api", "src\Api\Api.xproj", "{5ADC2CE8-5994-44AA-A73D-B4E9F546F15A}"
EndProject
Project("{8BB2217D-0F2D-49D1-97BC-3654ED321F3B}") = "Site", "src\Site\Site.xproj", "{26EEEE8F-6370-4B09-B3DF-935338715685}"
EndProject
Project("{8BB2217D-0F2D-49D1-97BC-3654ED321F3B}") = "TodoViewComponent", "src\Components\TODO\TodoViewComponent\TodoViewComponent.xproj", "{D955F3A6-E6D2-431A-81A8-44170F073D59}"
EndProject
Project("{2150E333-8FDC-42A3-9474-1A3956D46DE8}") = "Components", "Components", "{B3BEB46C-28A8-4D1D-BC2D-E44C215C8D2D}"
EndProject
Project("{8BB2217D-0F2D-49D1-97BC-3654ED321F3B}") = "Awe.Person.Module", "src\Modules\Awe.Person.Module\Awe.Person.Module.xproj", "{F4F54757-2E4D-4EAD-A675-75A8148D852F}"
EndProject
Project("{2150E333-8FDC-42A3-9474-1A3956D46DE8}") = "Modules", "Modules", "{DD34B8F4-EEFA-4E0E-854E-8604F5FE3945}"
EndProject
Project("{8BB2217D-0F2D-49D1-97BC-3654ED321F3B}") = "Awe.Module.Core", "src\Core\Awe.Module.Core\Awe.Module.Core.xproj", "{35F1BCB2-9404-400B-9A29-C2A4BA88276A}"
EndProject
Project("{8BB2217D-0F2D-49D1-97BC-3654ED321F3B}") = "Awe.Core", "src\Core\Awe.Core\Awe.Core.xproj", "{018B98E7-0BE5-4699-921E-E97BAA8218A2}"
EndProject
Project("{2150E333-8FDC-42A3-9474-1A3956D46DE8}") = "Core", "Core", "{CBEC203F-5D1B-4193-9761-DE23B18D3DE5}"
EndProject
Project("{8BB2217D-0F2D-49D1-97BC-3654ED321F3B}") = "Awe.Menu.Component", "src\Components\Menu\Awe.Menu.Component\Awe.Menu.Component.xproj", "{468B725B-DC91-42C7-8BEE-30E8A8475F24}"
EndProject
Project("{2150E333-8FDC-42A3-9474-1A3956D46DE8}") = "Menu", "Menu", "{765522A8-34D3-48A8-B0FA-4B12729E0E4D}"
EndProject
Project("{2150E333-8FDC-42A3-9474-1A3956D46DE8}") = "TODO", "TODO", "{05BDB4C1-E54D-47E0-B016-599F59CE017F}"
EndProject
Project("{8BB2217D-0F2D-49D1-97BC-3654ED321F3B}") = "Awe.Menu.Service", "src\Components\Menu\Awe.Menu.Service\Awe.Menu.Service.xproj", "{0A8604B5-8178-4B23-B0A6-AD48D0F23D86}"
EndProject
Project("{8BB2217D-0F2D-49D1-97BC-3654ED321F3B}") = "Awe.Menu.Model", "src\Components\Menu\Awe.Menu.Model\Awe.Menu.Model.xproj", "{988094F0-86D3-4C06-BB8B-1E6E5281D463}"
EndProject
Project("{8BB2217D-0F2D-49D1-97BC-3654ED321F3B}") = "Awe.Menu.Db", "src\Components\Menu\Awe.Menu.Db\Awe.Menu.Db.xproj", "{41EB11B9-3FDB-49C6-AA52-A377C8DF6399}"
EndProject
Project("{2150E333-8FDC-42A3-9474-1A3956D46DE8}") = "Themes", "Themes", "{76E6BEF6-231C-414D-ACC4-CC31CE96EE32}"
EndProject
Project("{8BB2217D-0F2D-49D1-97BC-3654ED321F3B}") = "Awe.Remark.Theme", "src\Themes\Awe.Remark.Theme\Awe.Remark.Theme.xproj", "{CAB762C2-7FE6-4483-A23D-85A76A93C607}"
EndProject
Project("{8BB2217D-0F2D-49D1-97BC-3654ED321F3B}") = "Awe.Mvc.Core", "src\Core\Awe.Mvc.Core\Awe.Mvc.Core.xproj", "{20EA6689-D244-4818-A446-F15FB885B8F8}"
EndProject
Project("{8BB2217D-0F2D-49D1-97BC-3654ED321F3B}") = "Awe.Theme.Core", "src\Core\Awe.Theme.Core\Awe.Theme.Core.xproj", "{4D52FF79-12FF-444C-B102-D2E136847BB8}"
EndProject
Global
	GlobalSection(SolutionConfigurationPlatforms) = preSolution
		Debug|Any CPU = Debug|Any CPU
		Release|Any CPU = Release|Any CPU
	EndGlobalSection
	GlobalSection(ProjectConfigurationPlatforms) = postSolution
		{5ADC2CE8-5994-44AA-A73D-B4E9F546F15A}.Debug|Any CPU.ActiveCfg = Debug|Any CPU
		{5ADC2CE8-5994-44AA-A73D-B4E9F546F15A}.Debug|Any CPU.Build.0 = Debug|Any CPU
		{5ADC2CE8-5994-44AA-A73D-B4E9F546F15A}.Release|Any CPU.ActiveCfg = Release|Any CPU
		{5ADC2CE8-5994-44AA-A73D-B4E9F546F15A}.Release|Any CPU.Build.0 = Release|Any CPU
		{26EEEE8F-6370-4B09-B3DF-935338715685}.Debug|Any CPU.ActiveCfg = Debug|Any CPU
		{26EEEE8F-6370-4B09-B3DF-935338715685}.Debug|Any CPU.Build.0 = Debug|Any CPU
		{26EEEE8F-6370-4B09-B3DF-935338715685}.Release|Any CPU.ActiveCfg = Release|Any CPU
		{26EEEE8F-6370-4B09-B3DF-935338715685}.Release|Any CPU.Build.0 = Release|Any CPU
		{D955F3A6-E6D2-431A-81A8-44170F073D59}.Debug|Any CPU.ActiveCfg = Debug|Any CPU
		{D955F3A6-E6D2-431A-81A8-44170F073D59}.Debug|Any CPU.Build.0 = Debug|Any CPU
		{D955F3A6-E6D2-431A-81A8-44170F073D59}.Release|Any CPU.ActiveCfg = Release|Any CPU
		{D955F3A6-E6D2-431A-81A8-44170F073D59}.Release|Any CPU.Build.0 = Release|Any CPU
		{F4F54757-2E4D-4EAD-A675-75A8148D852F}.Debug|Any CPU.ActiveCfg = Debug|Any CPU
		{F4F54757-2E4D-4EAD-A675-75A8148D852F}.Debug|Any CPU.Build.0 = Debug|Any CPU
		{F4F54757-2E4D-4EAD-A675-75A8148D852F}.Release|Any CPU.ActiveCfg = Release|Any CPU
		{F4F54757-2E4D-4EAD-A675-75A8148D852F}.Release|Any CPU.Build.0 = Release|Any CPU
		{35F1BCB2-9404-400B-9A29-C2A4BA88276A}.Debug|Any CPU.ActiveCfg = Debug|Any CPU
		{35F1BCB2-9404-400B-9A29-C2A4BA88276A}.Debug|Any CPU.Build.0 = Debug|Any CPU
		{35F1BCB2-9404-400B-9A29-C2A4BA88276A}.Release|Any CPU.ActiveCfg = Release|Any CPU
		{35F1BCB2-9404-400B-9A29-C2A4BA88276A}.Release|Any CPU.Build.0 = Release|Any CPU
		{018B98E7-0BE5-4699-921E-E97BAA8218A2}.Debug|Any CPU.ActiveCfg = Debug|Any CPU
		{018B98E7-0BE5-4699-921E-E97BAA8218A2}.Debug|Any CPU.Build.0 = Debug|Any CPU
		{018B98E7-0BE5-4699-921E-E97BAA8218A2}.Release|Any CPU.ActiveCfg = Release|Any CPU
		{018B98E7-0BE5-4699-921E-E97BAA8218A2}.Release|Any CPU.Build.0 = Release|Any CPU
		{468B725B-DC91-42C7-8BEE-30E8A8475F24}.Debug|Any CPU.ActiveCfg = Debug|Any CPU
		{468B725B-DC91-42C7-8BEE-30E8A8475F24}.Debug|Any CPU.Build.0 = Debug|Any CPU
		{468B725B-DC91-42C7-8BEE-30E8A8475F24}.Release|Any CPU.ActiveCfg = Release|Any CPU
		{468B725B-DC91-42C7-8BEE-30E8A8475F24}.Release|Any CPU.Build.0 = Release|Any CPU
		{0A8604B5-8178-4B23-B0A6-AD48D0F23D86}.Debug|Any CPU.ActiveCfg = Debug|Any CPU
		{0A8604B5-8178-4B23-B0A6-AD48D0F23D86}.Debug|Any CPU.Build.0 = Debug|Any CPU
		{0A8604B5-8178-4B23-B0A6-AD48D0F23D86}.Release|Any CPU.ActiveCfg = Release|Any CPU
		{0A8604B5-8178-4B23-B0A6-AD48D0F23D86}.Release|Any CPU.Build.0 = Release|Any CPU
		{988094F0-86D3-4C06-BB8B-1E6E5281D463}.Debug|Any CPU.ActiveCfg = Debug|Any CPU
		{988094F0-86D3-4C06-BB8B-1E6E5281D463}.Debug|Any CPU.Build.0 = Debug|Any CPU
		{988094F0-86D3-4C06-BB8B-1E6E5281D463}.Release|Any CPU.ActiveCfg = Release|Any CPU
		{988094F0-86D3-4C06-BB8B-1E6E5281D463}.Release|Any CPU.Build.0 = Release|Any CPU
		{41EB11B9-3FDB-49C6-AA52-A377C8DF6399}.Debug|Any CPU.ActiveCfg = Debug|Any CPU
		{41EB11B9-3FDB-49C6-AA52-A377C8DF6399}.Debug|Any CPU.Build.0 = Debug|Any CPU
		{41EB11B9-3FDB-49C6-AA52-A377C8DF6399}.Release|Any CPU.ActiveCfg = Release|Any CPU
		{41EB11B9-3FDB-49C6-AA52-A377C8DF6399}.Release|Any CPU.Build.0 = Release|Any CPU
		{CAB762C2-7FE6-4483-A23D-85A76A93C607}.Debug|Any CPU.ActiveCfg = Debug|Any CPU
		{CAB762C2-7FE6-4483-A23D-85A76A93C607}.Debug|Any CPU.Build.0 = Debug|Any CPU
		{CAB762C2-7FE6-4483-A23D-85A76A93C607}.Release|Any CPU.ActiveCfg = Release|Any CPU
		{CAB762C2-7FE6-4483-A23D-85A76A93C607}.Release|Any CPU.Build.0 = Release|Any CPU
		{20EA6689-D244-4818-A446-F15FB885B8F8}.Debug|Any CPU.ActiveCfg = Debug|Any CPU
		{20EA6689-D244-4818-A446-F15FB885B8F8}.Debug|Any CPU.Build.0 = Debug|Any CPU
		{20EA6689-D244-4818-A446-F15FB885B8F8}.Release|Any CPU.ActiveCfg = Release|Any CPU
		{20EA6689-D244-4818-A446-F15FB885B8F8}.Release|Any CPU.Build.0 = Release|Any CPU
		{4D52FF79-12FF-444C-B102-D2E136847BB8}.Debug|Any CPU.ActiveCfg = Debug|Any CPU
		{4D52FF79-12FF-444C-B102-D2E136847BB8}.Debug|Any CPU.Build.0 = Debug|Any CPU
		{4D52FF79-12FF-444C-B102-D2E136847BB8}.Release|Any CPU.ActiveCfg = Release|Any CPU
		{4D52FF79-12FF-444C-B102-D2E136847BB8}.Release|Any CPU.Build.0 = Release|Any CPU
	EndGlobalSection
	GlobalSection(SolutionProperties) = preSolution
		HideSolutionNode = FALSE
	EndGlobalSection
	GlobalSection(NestedProjects) = preSolution
		{5ADC2CE8-5994-44AA-A73D-B4E9F546F15A} = {B95244DC-488E-463D-83B5-6964AA3D9ACA}
		{26EEEE8F-6370-4B09-B3DF-935338715685} = {B95244DC-488E-463D-83B5-6964AA3D9ACA}
		{D955F3A6-E6D2-431A-81A8-44170F073D59} = {05BDB4C1-E54D-47E0-B016-599F59CE017F}
		{B3BEB46C-28A8-4D1D-BC2D-E44C215C8D2D} = {B95244DC-488E-463D-83B5-6964AA3D9ACA}
		{F4F54757-2E4D-4EAD-A675-75A8148D852F} = {DD34B8F4-EEFA-4E0E-854E-8604F5FE3945}
		{DD34B8F4-EEFA-4E0E-854E-8604F5FE3945} = {B95244DC-488E-463D-83B5-6964AA3D9ACA}
		{35F1BCB2-9404-400B-9A29-C2A4BA88276A} = {CBEC203F-5D1B-4193-9761-DE23B18D3DE5}
		{018B98E7-0BE5-4699-921E-E97BAA8218A2} = {CBEC203F-5D1B-4193-9761-DE23B18D3DE5}
		{CBEC203F-5D1B-4193-9761-DE23B18D3DE5} = {B95244DC-488E-463D-83B5-6964AA3D9ACA}
		{468B725B-DC91-42C7-8BEE-30E8A8475F24} = {765522A8-34D3-48A8-B0FA-4B12729E0E4D}
		{765522A8-34D3-48A8-B0FA-4B12729E0E4D} = {B3BEB46C-28A8-4D1D-BC2D-E44C215C8D2D}
		{05BDB4C1-E54D-47E0-B016-599F59CE017F} = {B3BEB46C-28A8-4D1D-BC2D-E44C215C8D2D}
		{0A8604B5-8178-4B23-B0A6-AD48D0F23D86} = {765522A8-34D3-48A8-B0FA-4B12729E0E4D}
		{988094F0-86D3-4C06-BB8B-1E6E5281D463} = {765522A8-34D3-48A8-B0FA-4B12729E0E4D}
		{41EB11B9-3FDB-49C6-AA52-A377C8DF6399} = {765522A8-34D3-48A8-B0FA-4B12729E0E4D}
		{76E6BEF6-231C-414D-ACC4-CC31CE96EE32} = {B95244DC-488E-463D-83B5-6964AA3D9ACA}
		{CAB762C2-7FE6-4483-A23D-85A76A93C607} = {76E6BEF6-231C-414D-ACC4-CC31CE96EE32}
		{20EA6689-D244-4818-A446-F15FB885B8F8} = {CBEC203F-5D1B-4193-9761-DE23B18D3DE5}
		{4D52FF79-12FF-444C-B102-D2E136847BB8} = {CBEC203F-5D1B-4193-9761-DE23B18D3DE5}
	EndGlobalSection
EndGlobal
